
Microsoft Visual Studio Solution File, Format Version 12.00
# Visual Studio Version 17
VisualStudioVersion = 17.4.33403.182
MinimumVisualStudioVersion = 10.0.40219.1
Project("{9A19103F-16F7-4668-BE54-9A1E7A4F7556}") = "problem-001-two-sum.tests", "problem-001-two-sum.tests\problem-001-two-sum.tests.csproj", "{FAA18306-6BD3-492F-9FF1-4E81ECC85AE3}"
EndProject
Project("{9A19103F-16F7-4668-BE54-9A1E7A4F7556}") = "problem-001-two-sum", "problem-001-two-sum\problem-001-two-sum.csproj", "{6FBC434F-D37F-4934-AD54-8C58E20D00D5}"
EndProject
Project("{9A19103F-16F7-4668-BE54-9A1E7A4F7556}") = "problem-002-add-two-numbers", "problem-002-add-two-numbers\problem-002-add-two-numbers.csproj", "{C5D9B65C-4471-4D21-B371-47C9B62C3728}"
EndProject
Project("{9A19103F-16F7-4668-BE54-9A1E7A4F7556}") = "problem-002-add-two-numbers.tests", "problem-002-add-two-numbers.tests\problem-002-add-two-numbers.tests.csproj", "{9CBD6DEF-6E15-4F0C-87E2-A42BF06056CB}"
EndProject
Project("{9A19103F-16F7-4668-BE54-9A1E7A4F7556}") = "problem-004-median-of-two-sorted-arrays", "problem-004-median-of-two-sorted-arrays\problem-004-median-of-two-sorted-arrays.csproj", "{CC766235-8D7F-4218-9561-6B3EB9A480C0}"
EndProject
Project("{9A19103F-16F7-4668-BE54-9A1E7A4F7556}") = "problem-004-median-of-two-sorted-arrays.tests", "problem-004-median-of-two-sorted-arrays.tests\problem-004-median-of-two-sorted-arrays.tests.csproj", "{5DACE3CA-51DE-4590-9A4D-72A9CC593C07}"
EndProject
Project("{FAE04EC0-301F-11D3-BF4B-00C04F79EFBC}") = "problem-008-string-to-integer-atoi", "problem-008-string-to-integer-atoi\problem-008-string-to-integer-atoi.csproj", "{015FDD5F-E451-49A3-9178-E4BFE7C8F65D}"
EndProject
Project("{FAE04EC0-301F-11D3-BF4B-00C04F79EFBC}") = "problem-008-string-to-integer-atoi.tests", "problem-008-string-to-integer-atoi.tests\problem-008-string-to-integer-atoi.tests.csproj", "{88B65843-F612-45CD-A835-A028BB40D9C8}"
EndProject
Global
	GlobalSection(SolutionConfigurationPlatforms) = preSolution
		Debug|Any CPU = Debug|Any CPU
		Release|Any CPU = Release|Any CPU
	EndGlobalSection
	GlobalSection(ProjectConfigurationPlatforms) = postSolution
		{FAA18306-6BD3-492F-9FF1-4E81ECC85AE3}.Debug|Any CPU.ActiveCfg = Debug|Any CPU
		{FAA18306-6BD3-492F-9FF1-4E81ECC85AE3}.Debug|Any CPU.Build.0 = Debug|Any CPU
		{FAA18306-6BD3-492F-9FF1-4E81ECC85AE3}.Release|Any CPU.ActiveCfg = Release|Any CPU
		{FAA18306-6BD3-492F-9FF1-4E81ECC85AE3}.Release|Any CPU.Build.0 = Release|Any CPU
		{6FBC434F-D37F-4934-AD54-8C58E20D00D5}.Debug|Any CPU.ActiveCfg = Debug|Any CPU
		{6FBC434F-D37F-4934-AD54-8C58E20D00D5}.Debug|Any CPU.Build.0 = Debug|Any CPU
		{6FBC434F-D37F-4934-AD54-8C58E20D00D5}.Release|Any CPU.ActiveCfg = Release|Any CPU
		{6FBC434F-D37F-4934-AD54-8C58E20D00D5}.Release|Any CPU.Build.0 = Release|Any CPU
		{C5D9B65C-4471-4D21-B371-47C9B62C3728}.Debug|Any CPU.ActiveCfg = Debug|Any CPU
		{C5D9B65C-4471-4D21-B371-47C9B62C3728}.Debug|Any CPU.Build.0 = Debug|Any CPU
		{C5D9B65C-4471-4D21-B371-47C9B62C3728}.Release|Any CPU.ActiveCfg = Release|Any CPU
		{C5D9B65C-4471-4D21-B371-47C9B62C3728}.Release|Any CPU.Build.0 = Release|Any CPU
		{9CBD6DEF-6E15-4F0C-87E2-A42BF06056CB}.Debug|Any CPU.ActiveCfg = Debug|Any CPU
		{9CBD6DEF-6E15-4F0C-87E2-A42BF06056CB}.Debug|Any CPU.Build.0 = Debug|Any CPU
		{9CBD6DEF-6E15-4F0C-87E2-A42BF06056CB}.Release|Any CPU.ActiveCfg = Release|Any CPU
		{9CBD6DEF-6E15-4F0C-87E2-A42BF06056CB}.Release|Any CPU.Build.0 = Release|Any CPU
		{CC766235-8D7F-4218-9561-6B3EB9A480C0}.Debug|Any CPU.ActiveCfg = Debug|Any CPU
		{CC766235-8D7F-4218-9561-6B3EB9A480C0}.Debug|Any CPU.Build.0 = Debug|Any CPU
		{CC766235-8D7F-4218-9561-6B3EB9A480C0}.Release|Any CPU.ActiveCfg = Release|Any CPU
		{CC766235-8D7F-4218-9561-6B3EB9A480C0}.Release|Any CPU.Build.0 = Release|Any CPU
		{5DACE3CA-51DE-4590-9A4D-72A9CC593C07}.Debug|Any CPU.ActiveCfg = Debug|Any CPU
		{5DACE3CA-51DE-4590-9A4D-72A9CC593C07}.Debug|Any CPU.Build.0 = Debug|Any CPU
		{5DACE3CA-51DE-4590-9A4D-72A9CC593C07}.Release|Any CPU.ActiveCfg = Release|Any CPU
		{5DACE3CA-51DE-4590-9A4D-72A9CC593C07}.Release|Any CPU.Build.0 = Release|Any CPU
		{015FDD5F-E451-49A3-9178-E4BFE7C8F65D}.Debug|Any CPU.ActiveCfg = Debug|Any CPU
		{015FDD5F-E451-49A3-9178-E4BFE7C8F65D}.Debug|Any CPU.Build.0 = Debug|Any CPU
		{015FDD5F-E451-49A3-9178-E4BFE7C8F65D}.Release|Any CPU.ActiveCfg = Release|Any CPU
		{015FDD5F-E451-49A3-9178-E4BFE7C8F65D}.Release|Any CPU.Build.0 = Release|Any CPU
		{88B65843-F612-45CD-A835-A028BB40D9C8}.Debug|Any CPU.ActiveCfg = Debug|Any CPU
		{88B65843-F612-45CD-A835-A028BB40D9C8}.Debug|Any CPU.Build.0 = Debug|Any CPU
		{88B65843-F612-45CD-A835-A028BB40D9C8}.Release|Any CPU.ActiveCfg = Release|Any CPU
		{88B65843-F612-45CD-A835-A028BB40D9C8}.Release|Any CPU.Build.0 = Release|Any CPU
	EndGlobalSection
	GlobalSection(SolutionProperties) = preSolution
		HideSolutionNode = FALSE
	EndGlobalSection
	GlobalSection(ExtensibilityGlobals) = postSolution
		SolutionGuid = {180C6AC7-8A91-4E34-B58B-BCDB372331D1}
	EndGlobalSection
EndGlobal
